[[package]]
name = "cc"
version = "1.0.18"
source = "registry+https://github.com/rust-lang/crates.io-index"

[[package]]
name = "libc"
version = "0.2.42"
source = "registry+https://github.com/rust-lang/crates.io-index"

[[package]]
name = "simple_chat"
version = "0.1.0"
dependencies = [
 "tinyfiledialogs 3.3.5 (registry+https://github.com/rust-lang/crates.io-index)",
]

[[package]]
name = "tinyfiledialogs"
version = "3.3.5"
source = "registry+https://github.com/rust-lang/crates.io-index"
dependencies = [
 "cc 1.0.18 (registry+https://github.com/rust-lang/crates.io-index)",
 "libc 0.2.42 (registry+https://github.com/rust-lang/crates.io-index)",
]

[metadata]
"checksum cc 1.0.18 (registry+https://github.com/rust-lang/crates.io-index)" = "2119ea4867bd2b8ed3aecab467709720b2d55b1bcfe09f772fd68066eaf15275"
"checksum libc 0.2.42 (registry+https://github.com/rust-lang/crates.io-index)" = "b685088df2b950fccadf07a7187c8ef846a959c142338a48f9dc0b94517eb5f1"
"checksum tinyfiledialogs 3.3.5 (registry+https://github.com/rust-lang/crates.io-index)" = "d79833ca2c493c726ea6a7b651ba0ff8a790add5156cd11bf3743f346005c0c8"
